// !$*UTF8*$!
{
	archiveVersion = 1;
	classes = {
	};
	objectVersion = 46;
	objects = {

/* Begin PBXBuildFile section */
		6E100D441814DC7300DEF6A2 /* aim.png in Resources */ = {isa = PBXBuildFile; fileRef = 6E100D3B1814DC7300DEF6A2 /* aim.png */; };
		6E100D451814DC7300DEF6A2 /* digg.png in Resources */ = {isa = PBXBuildFile; fileRef = 6E100D3C1814DC7300DEF6A2 /* digg.png */; };
		6E100D461814DC7300DEF6A2 /* Evernote.png in Resources */ = {isa = PBXBuildFile; fileRef = 6E100D3D1814DC7300DEF6A2 /* Evernote.png */; };
		6E100D471814DC7300DEF6A2 /* FaceBook.png in Resources */ = {isa = PBXBuildFile; fileRef = 6E100D3E1814DC7300DEF6A2 /* FaceBook.png */; };
		6E100D481814DC7300DEF6A2 /* Foursquare.png in Resources */ = {isa = PBXBuildFile; fileRef = 6E100D3F1814DC7300DEF6A2 /* Foursquare.png */; };
		6E100D491814DC7300DEF6A2 /* google_square.png in Resources */ = {isa = PBXBuildFile; fileRef = 6E100D401814DC7300DEF6A2 /* google_square.png */; };
		6E100D4A1814DC7300DEF6A2 /* mapmyrun.png in Resources */ = {isa = PBXBuildFile; fileRef = 6E100D411814DC7300DEF6A2 /* mapmyrun.png */; };
		6E100D4B1814DC7300DEF6A2 /* reddit.png in Resources */ = {isa = PBXBuildFile; fileRef = 6E100D421814DC7300DEF6A2 /* reddit.png */; };
		6E100D4C1814DC7300DEF6A2 /* Twitter.png in Resources */ = {isa = PBXBuildFile; fileRef = 6E100D431814DC7300DEF6A2 /* Twitter.png */; };
		6E1453161805FCC10086A9C9 /* Parse.framework in Frameworks */ = {isa = PBXBuildFile; fileRef = 6E1453151805FCC10086A9C9 /* Parse.framework */; };
		6E171B7B18026DF4005926DF /* libTestFlight.a in Frameworks */ = {isa = PBXBuildFile; fileRef = 6E171B7A18026DF4005926DF /* libTestFlight.a */; };
		6E171B7D18026E38005926DF /* libz.dylib in Frameworks */ = {isa = PBXBuildFile; fileRef = 6E171B7C18026E37005926DF /* libz.dylib */; };
		6E171BA81802A1FA005926DF /* JournalIcon.png in Resources */ = {isa = PBXBuildFile; fileRef = 6E171BA31802A1FA005926DF /* JournalIcon.png */; };
		6E171BB71802B489005926DF /* OpenSans-ExtraBoldItalic.ttf in Resources */ = {isa = PBXBuildFile; fileRef = 6E171BAC1802B489005926DF /* OpenSans-ExtraBoldItalic.ttf */; };
		6E171BB81802B489005926DF /* OpenSans-Regular.ttf in Resources */ = {isa = PBXBuildFile; fileRef = 6E171BAD1802B489005926DF /* OpenSans-Regular.ttf */; };
		6E171BB91802B489005926DF /* Lato-Black.ttf in Resources */ = {isa = PBXBuildFile; fileRef = 6E171BAE1802B489005926DF /* Lato-Black.ttf */; };
		6E171BBA1802B489005926DF /* OpenSans-Bold.ttf in Resources */ = {isa = PBXBuildFile; fileRef = 6E171BAF1802B489005926DF /* OpenSans-Bold.ttf */; };
		6E171BBB1802B489005926DF /* OpenSans-BoldItalic.ttf in Resources */ = {isa = PBXBuildFile; fileRef = 6E171BB01802B489005926DF /* OpenSans-BoldItalic.ttf */; };
		6E171BBC1802B489005926DF /* OpenSans-ExtraBold.ttf in Resources */ = {isa = PBXBuildFile; fileRef = 6E171BB11802B489005926DF /* OpenSans-ExtraBold.ttf */; };
		6E171BBD1802B489005926DF /* OpenSans-Italic.ttf in Resources */ = {isa = PBXBuildFile; fileRef = 6E171BB21802B489005926DF /* OpenSans-Italic.ttf */; };
		6E171BBE1802B489005926DF /* OpenSans-Light.ttf in Resources */ = {isa = PBXBuildFile; fileRef = 6E171BB31802B489005926DF /* OpenSans-Light.ttf */; };
		6E171BBF1802B489005926DF /* OpenSans-LightItalic.ttf in Resources */ = {isa = PBXBuildFile; fileRef = 6E171BB41802B489005926DF /* OpenSans-LightItalic.ttf */; };
		6E171BC01802B489005926DF /* OpenSans-Semibold.ttf in Resources */ = {isa = PBXBuildFile; fileRef = 6E171BB51802B489005926DF /* OpenSans-Semibold.ttf */; };
		6E171BC11802B489005926DF /* OpenSans-SemiboldItalic.ttf in Resources */ = {isa = PBXBuildFile; fileRef = 6E171BB61802B489005926DF /* OpenSans-SemiboldItalic.ttf */; };
		6E36BEF6181B2B6C00CC8718 /* StreakBar.m in Sources */ = {isa = PBXBuildFile; fileRef = 6E36BEF5181B2B6C00CC8718 /* StreakBar.m */; };
		6E36BEFD181B334D00CC8718 /* StreakDay.m in Sources */ = {isa = PBXBuildFile; fileRef = 6E36BEFC181B334D00CC8718 /* StreakDay.m */; };
		6E373FF81852514F00976562 /* uptimalIcon.png in Resources */ = {isa = PBXBuildFile; fileRef = 6E373FF71852514F00976562 /* uptimalIcon.png */; };
		6E373FFA1852850D00976562 /* white_>.png in Resources */ = {isa = PBXBuildFile; fileRef = 6E373FF91852850D00976562 /* white_>.png */; };
		6E4784541834B60A008133F9 /* GoalListViewController.m in Sources */ = {isa = PBXBuildFile; fileRef = 6E4784531834B60A008133F9 /* GoalListViewController.m */; };
		6E4784571834B655008133F9 /* GoalCategoryViewController.m in Sources */ = {isa = PBXBuildFile; fileRef = 6E4784561834B655008133F9 /* GoalCategoryViewController.m */; };
		6E47845A1834EC83008133F9 /* GoalViewController.m in Sources */ = {isa = PBXBuildFile; fileRef = 6E4784591834EC83008133F9 /* GoalViewController.m */; };
		6E605F09180B722F00FE62D6 /* FACEBOLF.OTF in Resources */ = {isa = PBXBuildFile; fileRef = 6E605F08180B722F00FE62D6 /* FACEBOLF.OTF */; };
		6E605F10180BCBED00FE62D6 /* WhyView.m in Sources */ = {isa = PBXBuildFile; fileRef = 6E605F0F180BCBED00FE62D6 /* WhyView.m */; };
		6E605F13180BCC4700FE62D6 /* ToolsView.m in Sources */ = {isa = PBXBuildFile; fileRef = 6E605F12180BCC4700FE62D6 /* ToolsView.m */; };
		6E605F16180BCC6500FE62D6 /* LinksView.m in Sources */ = {isa = PBXBuildFile; fileRef = 6E605F15180BCC6500FE62D6 /* LinksView.m */; };
		6E605F19180BCC8800FE62D6 /* StatsView.m in Sources */ = {isa = PBXBuildFile; fileRef = 6E605F18180BCC8800FE62D6 /* StatsView.m */; };
		6E6DA72E17FEA650001E9D66 /* Foundation.framework in Frameworks */ = {isa = PBXBuildFile; fileRef = 6E6DA72D17FEA650001E9D66 /* Foundation.framework */; };
		6E6DA73017FEA650001E9D66 /* CoreGraphics.framework in Frameworks */ = {isa = PBXBuildFile; fileRef = 6E6DA72F17FEA650001E9D66 /* CoreGraphics.framework */; };
		6E6DA73217FEA650001E9D66 /* UIKit.framework in Frameworks */ = {isa = PBXBuildFile; fileRef = 6E6DA73117FEA650001E9D66 /* UIKit.framework */; };
		6E6DA73817FEA650001E9D66 /* InfoPlist.strings in Resources */ = {isa = PBXBuildFile; fileRef = 6E6DA73617FEA650001E9D66 /* InfoPlist.strings */; };
		6E6DA73A17FEA650001E9D66 /* main.m in Sources */ = {isa = PBXBuildFile; fileRef = 6E6DA73917FEA650001E9D66 /* main.m */; };
		6E6DA73E17FEA650001E9D66 /* AppDelegate.m in Sources */ = {isa = PBXBuildFile; fileRef = 6E6DA73D17FEA650001E9D66 /* AppDelegate.m */; };
		6E6DA74117FEA650001E9D66 /* Main_iPhone.storyboard in Resources */ = {isa = PBXBuildFile; fileRef = 6E6DA73F17FEA650001E9D66 /* Main_iPhone.storyboard */; };
		6E6DA74417FEA650001E9D66 /* Main_iPad.storyboard in Resources */ = {isa = PBXBuildFile; fileRef = 6E6DA74217FEA650001E9D66 /* Main_iPad.storyboard */; };
		6E6DA74917FEA650001E9D66 /* Images.xcassets in Resources */ = {isa = PBXBuildFile; fileRef = 6E6DA74817FEA650001E9D66 /* Images.xcassets */; };
		6E6DA75017FEA650001E9D66 /* XCTest.framework in Frameworks */ = {isa = PBXBuildFile; fileRef = 6E6DA74F17FEA650001E9D66 /* XCTest.framework */; };
		6E6DA75117FEA650001E9D66 /* Foundation.framework in Frameworks */ = {isa = PBXBuildFile; fileRef = 6E6DA72D17FEA650001E9D66 /* Foundation.framework */; };
		6E6DA75217FEA650001E9D66 /* UIKit.framework in Frameworks */ = {isa = PBXBuildFile; fileRef = 6E6DA73117FEA650001E9D66 /* UIKit.framework */; };
		6E6DA75A17FEA650001E9D66 /* InfoPlist.strings in Resources */ = {isa = PBXBuildFile; fileRef = 6E6DA75817FEA650001E9D66 /* InfoPlist.strings */; };
		6E6DA75C17FEA650001E9D66 /* ThriveStreamsTests.m in Sources */ = {isa = PBXBuildFile; fileRef = 6E6DA75B17FEA650001E9D66 /* ThriveStreamsTests.m */; };
		6E7E19C71802C8BE00D7B49C /* 3dotButton@2x.png in Resources */ = {isa = PBXBuildFile; fileRef = 6E7E19C51802C8BE00D7B49C /* 3dotButton@2x.png */; };
		6E7E19C81802C8BE00D7B49C /* 3dotButton.png in Resources */ = {isa = PBXBuildFile; fileRef = 6E7E19C61802C8BE00D7B49C /* 3dotButton.png */; };
		6E81AFA91833A0DE005B44FD /* default_profile_image@2x.png in Resources */ = {isa = PBXBuildFile; fileRef = 6E81AFA71833A0DE005B44FD /* default_profile_image@2x.png */; };
		6E81AFAA1833A0DE005B44FD /* default_profile_image.png in Resources */ = {isa = PBXBuildFile; fileRef = 6E81AFA81833A0DE005B44FD /* default_profile_image.png */; };
		6E851B50183C505400C26E97 /* ResetPasswordViewController.m in Sources */ = {isa = PBXBuildFile; fileRef = 6E851B4F183C505400C26E97 /* ResetPasswordViewController.m */; };
		6E8E1692184D4AC200DFA8B2 /* uptimalLogo.png in Resources */ = {isa = PBXBuildFile; fileRef = 6E8E1691184D4AC200DFA8B2 /* uptimalLogo.png */; };
		6E8E1697184D62DA00DFA8B2 /* uptimalBanner.png in Resources */ = {isa = PBXBuildFile; fileRef = 6E8E1696184D62DA00DFA8B2 /* uptimalBanner.png */; };
		6E8E169A184D63C600DFA8B2 /* pencil.png in Resources */ = {isa = PBXBuildFile; fileRef = 6E8E1698184D63C600DFA8B2 /* pencil.png */; };
		6E8E169B184D63C600DFA8B2 /* addGoal.png in Resources */ = {isa = PBXBuildFile; fileRef = 6E8E1699184D63C600DFA8B2 /* addGoal.png */; };
		6E8E169D184D643600DFA8B2 /* camera.png in Resources */ = {isa = PBXBuildFile; fileRef = 6E8E169C184D643600DFA8B2 /* camera.png */; };
		6E9B9EFD18333CF200923AFF /* UIBezierPath+dqd_arrowhead.m in Sources */ = {isa = PBXBuildFile; fileRef = 6E9B9EFC18333CF200923AFF /* UIBezierPath+dqd_arrowhead.m */; };
		6E9B9F0018333E0900923AFF /* ArrowView.m in Sources */ = {isa = PBXBuildFile; fileRef = 6E9B9EFF18333E0900923AFF /* ArrowView.m */; };
		6EBE57DA1858942400BD099E /* defaultbackground.jpg in Resources */ = {isa = PBXBuildFile; fileRef = 6EBE57D91858942400BD099E /* defaultbackground.jpg */; };
		6EDA2A06185748AD004A3A1F /* UserGoalViewController.m in Sources */ = {isa = PBXBuildFile; fileRef = 6EDA2A05185748AD004A3A1F /* UserGoalViewController.m */; };
		6EE002A817FF75C800B804CD /* defaultprofile.png in Resources */ = {isa = PBXBuildFile; fileRef = 6EE0028917FF75C800B804CD /* defaultprofile.png */; };
		6EE002AE17FF75C800B804CD /* logouticon.png in Resources */ = {isa = PBXBuildFile; fileRef = 6EE0028F17FF75C800B804CD /* logouticon.png */; };
		6EE002AF17FF75C800B804CD /* menuButton.png in Resources */ = {isa = PBXBuildFile; fileRef = 6EE0029017FF75C800B804CD /* menuButton.png */; };
		6EE002B017FF75C800B804CD /* menuButton@2x.png in Resources */ = {isa = PBXBuildFile; fileRef = 6EE0029117FF75C800B804CD /* menuButton@2x.png */; };
		6EE002B117FF75C800B804CD /* reminder_icon.png in Resources */ = {isa = PBXBuildFile; fileRef = 6EE0029217FF75C800B804CD /* reminder_icon.png */; };
		6EE002B217FF75C800B804CD /* reminder_icon@2x.png in Resources */ = {isa = PBXBuildFile; fileRef = 6EE0029317FF75C800B804CD /* reminder_icon@2x.png */; };
		6EE002B317FF75C800B804CD /* repeat_icon.png in Resources */ = {isa = PBXBuildFile; fileRef = 6EE0029417FF75C800B804CD /* repeat_icon.png */; };
		6EE002B417FF75C800B804CD /* repeat_icon@2x.png in Resources */ = {isa = PBXBuildFile; fileRef = 6EE0029517FF75C800B804CD /* repeat_icon@2x.png */; };
		6EE002B517FF75C800B804CD /* settingsicon.png in Resources */ = {isa = PBXBuildFile; fileRef = 6EE0029617FF75C800B804CD /* settingsicon.png */; };
		6EE002B617FF75C800B804CD /* settingsicon@2x.png in Resources */ = {isa = PBXBuildFile; fileRef = 6EE0029717FF75C800B804CD /* settingsicon@2x.png */; };
		6EE002C117FF75C800B804CD /* when_icon.png in Resources */ = {isa = PBXBuildFile; fileRef = 6EE002A217FF75C800B804CD /* when_icon.png */; };
		6EE002C217FF75C800B804CD /* when_icon@2x.png in Resources */ = {isa = PBXBuildFile; fileRef = 6EE002A317FF75C800B804CD /* when_icon@2x.png */; };
		6EE002C317FF75C800B804CD /* Xbutton.png in Resources */ = {isa = PBXBuildFile; fileRef = 6EE002A417FF75C800B804CD /* Xbutton.png */; };
		6EE002C417FF75C800B804CD /* Xbutton@2x.png in Resources */ = {isa = PBXBuildFile; fileRef = 6EE002A517FF75C800B804CD /* Xbutton@2x.png */; };
		6EE002C717FF762600B804CD /* WelcomeViewController.m in Sources */ = {isa = PBXBuildFile; fileRef = 6EE002C617FF762600B804CD /* WelcomeViewController.m */; };
		6EE002C917FF76AE00B804CD /* StoreKit.framework in Frameworks */ = {isa = PBXBuildFile; fileRef = 6EE002C817FF76AE00B804CD /* StoreKit.framework */; };
		6EE002CB17FF76B700B804CD /* QuartzCore.framework in Frameworks */ = {isa = PBXBuildFile; fileRef = 6EE002CA17FF76B700B804CD /* QuartzCore.framework */; };
		6EE002CD17FF76C700B804CD /* libz.1.1.3.dylib in Frameworks */ = {isa = PBXBuildFile; fileRef = 6EE002CC17FF76C700B804CD /* libz.1.1.3.dylib */; };
		6EE002CF17FF76CF00B804CD /* CFNetwork.framework in Frameworks */ = {isa = PBXBuildFile; fileRef = 6EE002CE17FF76CF00B804CD /* CFNetwork.framework */; };
		6EE002D117FF76D800B804CD /* AudioToolbox.framework in Frameworks */ = {isa = PBXBuildFile; fileRef = 6EE002D017FF76D800B804CD /* AudioToolbox.framework */; };
		6EE002D317FF76EB00B804CD /* Accounts.framework in Frameworks */ = {isa = PBXBuildFile; fileRef = 6EE002D217FF76EB00B804CD /* Accounts.framework */; };
		6EE002D517FF76F200B804CD /* AdSupport.framework in Frameworks */ = {isa = PBXBuildFile; fileRef = 6EE002D417FF76F100B804CD /* AdSupport.framework */; };
		6EE002D717FF76F700B804CD /* Social.framework in Frameworks */ = {isa = PBXBuildFile; fileRef = 6EE002D617FF76F700B804CD /* Social.framework */; };
		6EE002D917FF76FF00B804CD /* CoreLocation.framework in Frameworks */ = {isa = PBXBuildFile; fileRef = 6EE002D817FF76FF00B804CD /* CoreLocation.framework */; };
		6EE002DB17FF770A00B804CD /* MobileCoreServices.framework in Frameworks */ = {isa = PBXBuildFile; fileRef = 6EE002DA17FF770A00B804CD /* MobileCoreServices.framework */; };
		6EE002DD17FF771200B804CD /* SystemConfiguration.framework in Frameworks */ = {isa = PBXBuildFile; fileRef = 6EE002DC17FF771200B804CD /* SystemConfiguration.framework */; };
		6EE002DF17FF771900B804CD /* Security.framework in Frameworks */ = {isa = PBXBuildFile; fileRef = 6EE002DE17FF771900B804CD /* Security.framework */; };
		6EE002E117FF771F00B804CD /* CoreData.framework in Frameworks */ = {isa = PBXBuildFile; fileRef = 6EE002E017FF771F00B804CD /* CoreData.framework */; };
		6EE002E317FF772700B804CD /* CoreText.framework in Frameworks */ = {isa = PBXBuildFile; fileRef = 6EE002E217FF772700B804CD /* CoreText.framework */; };
		6EE002E517FF77FC00B804CD /* FacebookSDK.framework in Frameworks */ = {isa = PBXBuildFile; fileRef = 6EE002E417FF77FC00B804CD /* FacebookSDK.framework */; };
		6EE002E817FF7B8B00B804CD /* LoginViewController.m in Sources */ = {isa = PBXBuildFile; fileRef = 6EE002E717FF7B8B00B804CD /* LoginViewController.m */; };
		6EE002EB17FF7B9A00B804CD /* JoinViewController.m in Sources */ = {isa = PBXBuildFile; fileRef = 6EE002EA17FF7B9A00B804CD /* JoinViewController.m */; };
		6EE0033717FF812200B804CD /* FlatUIHelper.m in Sources */ = {isa = PBXBuildFile; fileRef = 6EE0033617FF812200B804CD /* FlatUIHelper.m */; };
		6EE0033D17FF815E00B804CD /* ThriveButton.m in Sources */ = {isa = PBXBuildFile; fileRef = 6EE0033A17FF815E00B804CD /* ThriveButton.m */; };
		6EE0033E17FF815E00B804CD /* ThriveButtonMenu.m in Sources */ = {isa = PBXBuildFile; fileRef = 6EE0033C17FF815E00B804CD /* ThriveButtonMenu.m */; };
		6EE0034417FF81FB00B804CD /* MBProgressHUD.m in Sources */ = {isa = PBXBuildFile; fileRef = 6EE0034317FF81FB00B804CD /* MBProgressHUD.m */; };
		6EE0034817FF827500B804CD /* UIImage+ImageEffects.m in Sources */ = {isa = PBXBuildFile; fileRef = 6EE0034717FF827500B804CD /* UIImage+ImageEffects.m */; };
		6EE0034B17FF913200B804CD /* MainViewController.m in Sources */ = {isa = PBXBuildFile; fileRef = 6EE0034A17FF913200B804CD /* MainViewController.m */; };
		6EE0034E17FF915A00B804CD /* SettingsViewController.m in Sources */ = {isa = PBXBuildFile; fileRef = 6EE0034D17FF915A00B804CD /* SettingsViewController.m */; };
/* End PBXBuildFile section */

/* Begin PBXContainerItemProxy section */
		6E6DA75317FEA650001E9D66 /* PBXContainerItemProxy */ = {
			isa = PBXContainerItemProxy;
			containerPortal = 6E6DA72217FEA650001E9D66 /* Project object */;
			proxyType = 1;
			remoteGlobalIDString = 6E6DA72917FEA650001E9D66;
			remoteInfo = ThriveStreams;
		};
/* End PBXContainerItemProxy section */

/* Begin PBXFileReference section */
		6E100D3B1814DC7300DEF6A2 /* aim.png */ = {isa = PBXFileReference; lastKnownFileType = image.png; path = aim.png; sourceTree = "<group>"; };
		6E100D3C1814DC7300DEF6A2 /* digg.png */ = {isa = PBXFileReference; lastKnownFileType = image.png; path = digg.png; sourceTree = "<group>"; };
		6E100D3D1814DC7300DEF6A2 /* Evernote.png */ = {isa = PBXFileReference; lastKnownFileType = image.png; path = Evernote.png; sourceTree = "<group>"; };
		6E100D3E1814DC7300DEF6A2 /* FaceBook.png */ = {isa = PBXFileReference; lastKnownFileType = image.png; path = FaceBook.png; sourceTree = "<group>"; };
		6E100D3F1814DC7300DEF6A2 /* Foursquare.png */ = {isa = PBXFileReference; lastKnownFileType = image.png; path = Foursquare.png; sourceTree = "<group>"; };
		6E100D401814DC7300DEF6A2 /* google_square.png */ = {isa = PBXFileReference; lastKnownFileType = image.png; path = google_square.png; sourceTree = "<group>"; };
		6E100D411814DC7300DEF6A2 /* mapmyrun.png */ = {isa = PBXFileReference; lastKnownFileType = image.png; path = mapmyrun.png; sourceTree = "<group>"; };
		6E100D421814DC7300DEF6A2 /* reddit.png */ = {isa = PBXFileReference; lastKnownFileType = image.png; path = reddit.png; sourceTree = "<group>"; };
		6E100D431814DC7300DEF6A2 /* Twitter.png */ = {isa = PBXFileReference; lastKnownFileType = image.png; path = Twitter.png; sourceTree = "<group>"; };
		6E1453151805FCC10086A9C9 /* Parse.framework */ = {isa = PBXFileReference; lastKnownFileType = wrapper.framework; path = Parse.framework; sourceTree = "<group>"; };
		6E171B7718026DDD005926DF /* TestFlight.h */ = {isa = PBXFileReference; fileEncoding = 4; lastKnownFileType = sourcecode.c.h; path = TestFlight.h; sourceTree = "<group>"; };
		6E171B7818026DE4005926DF /* TestFlight+ManualSessions.h */ = {isa = PBXFileReference; fileEncoding = 4; lastKnownFileType = sourcecode.c.h; path = "TestFlight+ManualSessions.h"; sourceTree = "<group>"; };
		6E171B7918026DED005926DF /* TestFlight+AsyncLogging.h */ = {isa = PBXFileReference; fileEncoding = 4; lastKnownFileType = sourcecode.c.h; path = "TestFlight+AsyncLogging.h"; sourceTree = "<group>"; };
		6E171B7A18026DF4005926DF /* libTestFlight.a */ = {isa = PBXFileReference; lastKnownFileType = archive.ar; path = libTestFlight.a; sourceTree = "<group>"; };
		6E171B7C18026E37005926DF /* libz.dylib */ = {isa = PBXFileReference; lastKnownFileType = "compiled.mach-o.dylib"; name = libz.dylib; path = usr/lib/libz.dylib; sourceTree = SDKROOT; };
		6E171BA31802A1FA005926DF /* JournalIcon.png */ = {isa = PBXFileReference; lastKnownFileType = image.png; path = JournalIcon.png; sourceTree = "<group>"; };
		6E171BAC1802B489005926DF /* OpenSans-ExtraBoldItalic.ttf */ = {isa = PBXFileReference; lastKnownFileType = file; path = "OpenSans-ExtraBoldItalic.ttf"; sourceTree = "<group>"; };
		6E171BAD1802B489005926DF /* OpenSans-Regular.ttf */ = {isa = PBXFileReference; lastKnownFileType = file; path = "OpenSans-Regular.ttf"; sourceTree = "<group>"; };
		6E171BAE1802B489005926DF /* Lato-Black.ttf */ = {isa = PBXFileReference; lastKnownFileType = file; path = "Lato-Black.ttf"; sourceTree = "<group>"; };
		6E171BAF1802B489005926DF /* OpenSans-Bold.ttf */ = {isa = PBXFileReference; lastKnownFileType = file; path = "OpenSans-Bold.ttf"; sourceTree = "<group>"; };
		6E171BB01802B489005926DF /* OpenSans-BoldItalic.ttf */ = {isa = PBXFileReference; lastKnownFileType = file; path = "OpenSans-BoldItalic.ttf"; sourceTree = "<group>"; };
		6E171BB11802B489005926DF /* OpenSans-ExtraBold.ttf */ = {isa = PBXFileReference; lastKnownFileType = file; path = "OpenSans-ExtraBold.ttf"; sourceTree = "<group>"; };
		6E171BB21802B489005926DF /* OpenSans-Italic.ttf */ = {isa = PBXFileReference; lastKnownFileType = file; path = "OpenSans-Italic.ttf"; sourceTree = "<group>"; };
		6E171BB31802B489005926DF /* OpenSans-Light.ttf */ = {isa = PBXFileReference; lastKnownFileType = file; path = "OpenSans-Light.ttf"; sourceTree = "<group>"; };
		6E171BB41802B489005926DF /* OpenSans-LightItalic.ttf */ = {isa = PBXFileReference; lastKnownFileType = file; path = "OpenSans-LightItalic.ttf"; sourceTree = "<group>"; };
		6E171BB51802B489005926DF /* OpenSans-Semibold.ttf */ = {isa = PBXFileReference; lastKnownFileType = file; path = "OpenSans-Semibold.ttf"; sourceTree = "<group>"; };
		6E171BB61802B489005926DF /* OpenSans-SemiboldItalic.ttf */ = {isa = PBXFileReference; lastKnownFileType = file; path = "OpenSans-SemiboldItalic.ttf"; sourceTree = "<group>"; };
		6E36BEF4181B2B6C00CC8718 /* StreakBar.h */ = {isa = PBXFileReference; fileEncoding = 4; lastKnownFileType = sourcecode.c.h; path = StreakBar.h; sourceTree = "<group>"; };
		6E36BEF5181B2B6C00CC8718 /* StreakBar.m */ = {isa = PBXFileReference; fileEncoding = 4; lastKnownFileType = sourcecode.c.objc; path = StreakBar.m; sourceTree = "<group>"; };
		6E36BEFB181B334D00CC8718 /* StreakDay.h */ = {isa = PBXFileReference; fileEncoding = 4; lastKnownFileType = sourcecode.c.h; path = StreakDay.h; sourceTree = "<group>"; };
		6E36BEFC181B334D00CC8718 /* StreakDay.m */ = {isa = PBXFileReference; fileEncoding = 4; lastKnownFileType = sourcecode.c.objc; path = StreakDay.m; sourceTree = "<group>"; };
		6E373FF71852514F00976562 /* uptimalIcon.png */ = {isa = PBXFileReference; lastKnownFileType = image.png; path = uptimalIcon.png; sourceTree = "<group>"; };
		6E373FF91852850D00976562 /* white_>.png */ = {isa = PBXFileReference; lastKnownFileType = image.png; path = "white_>.png"; sourceTree = "<group>"; };
		6E4784521834B60A008133F9 /* GoalListViewController.h */ = {isa = PBXFileReference; fileEncoding = 4; lastKnownFileType = sourcecode.c.h; path = GoalListViewController.h; sourceTree = "<group>"; };
		6E4784531834B60A008133F9 /* GoalListViewController.m */ = {isa = PBXFileReference; fileEncoding = 4; lastKnownFileType = sourcecode.c.objc; path = GoalListViewController.m; sourceTree = "<group>"; };
		6E4784551834B655008133F9 /* GoalCategoryViewController.h */ = {isa = PBXFileReference; fileEncoding = 4; lastKnownFileType = sourcecode.c.h; path = GoalCategoryViewController.h; sourceTree = "<group>"; };
		6E4784561834B655008133F9 /* GoalCategoryViewController.m */ = {isa = PBXFileReference; fileEncoding = 4; lastKnownFileType = sourcecode.c.objc; path = GoalCategoryViewController.m; sourceTree = "<group>"; };
		6E4784581834EC83008133F9 /* GoalViewController.h */ = {isa = PBXFileReference; fileEncoding = 4; lastKnownFileType = sourcecode.c.h; path = GoalViewController.h; sourceTree = "<group>"; };
		6E4784591834EC83008133F9 /* GoalViewController.m */ = {isa = PBXFileReference; fileEncoding = 4; lastKnownFileType = sourcecode.c.objc; path = GoalViewController.m; sourceTree = "<group>"; };
		6E605F08180B722F00FE62D6 /* FACEBOLF.OTF */ = {isa = PBXFileReference; lastKnownFileType = file; path = FACEBOLF.OTF; sourceTree = "<group>"; };
		6E605F0E180BCBED00FE62D6 /* WhyView.h */ = {isa = PBXFileReference; fileEncoding = 4; lastKnownFileType = sourcecode.c.h; path = WhyView.h; sourceTree = "<group>"; };
		6E605F0F180BCBED00FE62D6 /* WhyView.m */ = {isa = PBXFileReference; fileEncoding = 4; lastKnownFileType = sourcecode.c.objc; path = WhyView.m; sourceTree = "<group>"; };
		6E605F11180BCC4700FE62D6 /* ToolsView.h */ = {isa = PBXFileReference; fileEncoding = 4; lastKnownFileType = sourcecode.c.h; path = ToolsView.h; sourceTree = "<group>"; };
		6E605F12180BCC4700FE62D6 /* ToolsView.m */ = {isa = PBXFileReference; fileEncoding = 4; lastKnownFileType = sourcecode.c.objc; path = ToolsView.m; sourceTree = "<group>"; };
		6E605F14180BCC6500FE62D6 /* LinksView.h */ = {isa = PBXFileReference; fileEncoding = 4; lastKnownFileType = sourcecode.c.h; path = LinksView.h; sourceTree = "<group>"; };
		6E605F15180BCC6500FE62D6 /* LinksView.m */ = {isa = PBXFileReference; fileEncoding = 4; lastKnownFileType = sourcecode.c.objc; path = LinksView.m; sourceTree = "<group>"; };
		6E605F17180BCC8800FE62D6 /* StatsView.h */ = {isa = PBXFileReference; fileEncoding = 4; lastKnownFileType = sourcecode.c.h; path = StatsView.h; sourceTree = "<group>"; };
		6E605F18180BCC8800FE62D6 /* StatsView.m */ = {isa = PBXFileReference; fileEncoding = 4; lastKnownFileType = sourcecode.c.objc; path = StatsView.m; sourceTree = "<group>"; };
		6E6DA72A17FEA650001E9D66 /* Uptimal.app */ = {isa = PBXFileReference; explicitFileType = wrapper.application; includeInIndex = 0; path = Uptimal.app; sourceTree = BUILT_PRODUCTS_DIR; };
		6E6DA72D17FEA650001E9D66 /* Foundation.framework */ = {isa = PBXFileReference; lastKnownFileType = wrapper.framework; name = Foundation.framework; path = System/Library/Frameworks/Foundation.framework; sourceTree = SDKROOT; };
		6E6DA72F17FEA650001E9D66 /* CoreGraphics.framework */ = {isa = PBXFileReference; lastKnownFileType = wrapper.framework; name = CoreGraphics.framework; path = System/Library/Frameworks/CoreGraphics.framework; sourceTree = SDKROOT; };
		6E6DA73117FEA650001E9D66 /* UIKit.framework */ = {isa = PBXFileReference; lastKnownFileType = wrapper.framework; name = UIKit.framework; path = System/Library/Frameworks/UIKit.framework; sourceTree = SDKROOT; };
		6E6DA73517FEA650001E9D66 /* Uptimal-Info.plist */ = {isa = PBXFileReference; lastKnownFileType = text.plist.xml; path = "Uptimal-Info.plist"; sourceTree = "<group>"; };
		6E6DA73717FEA650001E9D66 /* en */ = {isa = PBXFileReference; lastKnownFileType = text.plist.strings; name = en; path = en.lproj/InfoPlist.strings; sourceTree = "<group>"; };
		6E6DA73917FEA650001E9D66 /* main.m */ = {isa = PBXFileReference; lastKnownFileType = sourcecode.c.objc; path = main.m; sourceTree = "<group>"; };
		6E6DA73B17FEA650001E9D66 /* Uptimal-Prefix.pch */ = {isa = PBXFileReference; lastKnownFileType = sourcecode.c.h; path = "Uptimal-Prefix.pch"; sourceTree = "<group>"; };
		6E6DA73C17FEA650001E9D66 /* AppDelegate.h */ = {isa = PBXFileReference; lastKnownFileType = sourcecode.c.h; path = AppDelegate.h; sourceTree = "<group>"; };
		6E6DA73D17FEA650001E9D66 /* AppDelegate.m */ = {isa = PBXFileReference; lastKnownFileType = sourcecode.c.objc; path = AppDelegate.m; sourceTree = "<group>"; };
		6E6DA74017FEA650001E9D66 /* Base */ = {isa = PBXFileReference; lastKnownFileType = file.storyboard; name = Base; path = Base.lproj/Main_iPhone.storyboard; sourceTree = "<group>"; };
		6E6DA74317FEA650001E9D66 /* Base */ = {isa = PBXFileReference; lastKnownFileType = file.storyboard; name = Base; path = Base.lproj/Main_iPad.storyboard; sourceTree = "<group>"; };
		6E6DA74817FEA650001E9D66 /* Images.xcassets */ = {isa = PBXFileReference; lastKnownFileType = folder.assetcatalog; path = Images.xcassets; sourceTree = "<group>"; };
		6E6DA74E17FEA650001E9D66 /* UptimalTests.xctest */ = {isa = PBXFileReference; explicitFileType = wrapper.cfbundle; includeInIndex = 0; path = UptimalTests.xctest; sourceTree = BUILT_PRODUCTS_DIR; };
		6E6DA74F17FEA650001E9D66 /* XCTest.framework */ = {isa = PBXFileReference; lastKnownFileType = wrapper.framework; name = XCTest.framework; path = Library/Frameworks/XCTest.framework; sourceTree = DEVELOPER_DIR; };
		6E6DA75717FEA650001E9D66 /* UptimalTests-Info.plist */ = {isa = PBXFileReference; lastKnownFileType = text.plist.xml; path = "UptimalTests-Info.plist"; sourceTree = "<group>"; };
		6E6DA75917FEA650001E9D66 /* en */ = {isa = PBXFileReference; lastKnownFileType = text.plist.strings; name = en; path = en.lproj/InfoPlist.strings; sourceTree = "<group>"; };
		6E6DA75B17FEA650001E9D66 /* ThriveStreamsTests.m */ = {isa = PBXFileReference; lastKnownFileType = sourcecode.c.objc; path = ThriveStreamsTests.m; sourceTree = "<group>"; };
		6E7E19C51802C8BE00D7B49C /* 3dotButton@2x.png */ = {isa = PBXFileReference; lastKnownFileType = image.png; path = "3dotButton@2x.png"; sourceTree = "<group>"; };
		6E7E19C61802C8BE00D7B49C /* 3dotButton.png */ = {isa = PBXFileReference; lastKnownFileType = image.png; path = 3dotButton.png; sourceTree = "<group>"; };
		6E81AFA71833A0DE005B44FD /* default_profile_image@2x.png */ = {isa = PBXFileReference; lastKnownFileType = image.png; path = "default_profile_image@2x.png"; sourceTree = "<group>"; };
		6E81AFA81833A0DE005B44FD /* default_profile_image.png */ = {isa = PBXFileReference; lastKnownFileType = image.png; path = default_profile_image.png; sourceTree = "<group>"; };
		6E851B4E183C505400C26E97 /* ResetPasswordViewController.h */ = {isa = PBXFileReference; fileEncoding = 4; lastKnownFileType = sourcecode.c.h; path = ResetPasswordViewController.h; sourceTree = "<group>"; };
		6E851B4F183C505400C26E97 /* ResetPasswordViewController.m */ = {isa = PBXFileReference; fileEncoding = 4; lastKnownFileType = sourcecode.c.objc; path = ResetPasswordViewController.m; sourceTree = "<group>"; };
		6E8E1691184D4AC200DFA8B2 /* uptimalLogo.png */ = {isa = PBXFileReference; lastKnownFileType = image.png; path = uptimalLogo.png; sourceTree = "<group>"; };
		6E8E1696184D62DA00DFA8B2 /* uptimalBanner.png */ = {isa = PBXFileReference; lastKnownFileType = image.png; path = uptimalBanner.png; sourceTree = "<group>"; };
		6E8E1698184D63C600DFA8B2 /* pencil.png */ = {isa = PBXFileReference; lastKnownFileType = image.png; path = pencil.png; sourceTree = "<group>"; };
		6E8E1699184D63C600DFA8B2 /* addGoal.png */ = {isa = PBXFileReference; lastKnownFileType = image.png; path = addGoal.png; sourceTree = "<group>"; };
		6E8E169C184D643600DFA8B2 /* camera.png */ = {isa = PBXFileReference; lastKnownFileType = image.png; path = camera.png; sourceTree = "<group>"; };
		6E9B9EFB18333CF200923AFF /* UIBezierPath+dqd_arrowhead.h */ = {isa = PBXFileReference; fileEncoding = 4; lastKnownFileType = sourcecode.c.h; path = "UIBezierPath+dqd_arrowhead.h"; sourceTree = "<group>"; };
		6E9B9EFC18333CF200923AFF /* UIBezierPath+dqd_arrowhead.m */ = {isa = PBXFileReference; fileEncoding = 4; lastKnownFileType = sourcecode.c.objc; path = "UIBezierPath+dqd_arrowhead.m"; sourceTree = "<group>"; };
		6E9B9EFE18333E0800923AFF /* ArrowView.h */ = {isa = PBXFileReference; fileEncoding = 4; lastKnownFileType = sourcecode.c.h; path = ArrowView.h; sourceTree = "<group>"; };
		6E9B9EFF18333E0900923AFF /* ArrowView.m */ = {isa = PBXFileReference; fileEncoding = 4; lastKnownFileType = sourcecode.c.objc; path = ArrowView.m; sourceTree = "<group>"; };
		6EBE57D91858942400BD099E /* defaultbackground.jpg */ = {isa = PBXFileReference; lastKnownFileType = image.jpeg; path = defaultbackground.jpg; sourceTree = "<group>"; };
		6EDA2A04185748AD004A3A1F /* UserGoalViewController.h */ = {isa = PBXFileReference; fileEncoding = 4; lastKnownFileType = sourcecode.c.h; path = UserGoalViewController.h; sourceTree = "<group>"; };
		6EDA2A05185748AD004A3A1F /* UserGoalViewController.m */ = {isa = PBXFileReference; fileEncoding = 4; lastKnownFileType = sourcecode.c.objc; path = UserGoalViewController.m; sourceTree = "<group>"; };
		6EE0028917FF75C800B804CD /* defaultprofile.png */ = {isa = PBXFileReference; lastKnownFileType = image.png; path = defaultprofile.png; sourceTree = "<group>"; };
		6EE0028F17FF75C800B804CD /* logouticon.png */ = {isa = PBXFileReference; lastKnownFileType = image.png; path = logouticon.png; sourceTree = "<group>"; };
		6EE0029017FF75C800B804CD /* menuButton.png */ = {isa = PBXFileReference; lastKnownFileType = image.png; path = menuButton.png; sourceTree = "<group>"; };
		6EE0029117FF75C800B804CD /* menuButton@2x.png */ = {isa = PBXFileReference; lastKnownFileType = image.png; path = "menuButton@2x.png"; sourceTree = "<group>"; };
		6EE0029217FF75C800B804CD /* reminder_icon.png */ = {isa = PBXFileReference; lastKnownFileType = image.png; path = reminder_icon.png; sourceTree = "<group>"; };
		6EE0029317FF75C800B804CD /* reminder_icon@2x.png */ = {isa = PBXFileReference; lastKnownFileType = image.png; path = "reminder_icon@2x.png"; sourceTree = "<group>"; };
		6EE0029417FF75C800B804CD /* repeat_icon.png */ = {isa = PBXFileReference; lastKnownFileType = image.png; path = repeat_icon.png; sourceTree = "<group>"; };
		6EE0029517FF75C800B804CD /* repeat_icon@2x.png */ = {isa = PBXFileReference; lastKnownFileType = image.png; path = "repeat_icon@2x.png"; sourceTree = "<group>"; };
		6EE0029617FF75C800B804CD /* settingsicon.png */ = {isa = PBXFileReference; lastKnownFileType = image.png; path = settingsicon.png; sourceTree = "<group>"; };
		6EE0029717FF75C800B804CD /* settingsicon@2x.png */ = {isa = PBXFileReference; lastKnownFileType = image.png; path = "settingsicon@2x.png"; sourceTree = "<group>"; };
		6EE002A217FF75C800B804CD /* when_icon.png */ = {isa = PBXFileReference; lastKnownFileType = image.png; path = when_icon.png; sourceTree = "<group>"; };
		6EE002A317FF75C800B804CD /* when_icon@2x.png */ = {isa = PBXFileReference; lastKnownFileType = image.png; path = "when_icon@2x.png"; sourceTree = "<group>"; };
		6EE002A417FF75C800B804CD /* Xbutton.png */ = {isa = PBXFileReference; lastKnownFileType = image.png; path = Xbutton.png; sourceTree = "<group>"; };
		6EE002A517FF75C800B804CD /* Xbutton@2x.png */ = {isa = PBXFileReference; lastKnownFileType = image.png; path = "Xbutton@2x.png"; sourceTree = "<group>"; };
		6EE002C517FF762600B804CD /* WelcomeViewController.h */ = {isa = PBXFileReference; fileEncoding = 4; lastKnownFileType = sourcecode.c.h; path = WelcomeViewController.h; sourceTree = "<group>"; };
		6EE002C617FF762600B804CD /* WelcomeViewController.m */ = {isa = PBXFileReference; fileEncoding = 4; lastKnownFileType = sourcecode.c.objc; path = WelcomeViewController.m; sourceTree = "<group>"; };
		6EE002C817FF76AE00B804CD /* StoreKit.framework */ = {isa = PBXFileReference; lastKnownFileType = wrapper.framework; name = StoreKit.framework; path = System/Library/Frameworks/StoreKit.framework; sourceTree = SDKROOT; };
		6EE002CA17FF76B700B804CD /* QuartzCore.framework */ = {isa = PBXFileReference; lastKnownFileType = wrapper.framework; name = QuartzCore.framework; path = System/Library/Frameworks/QuartzCore.framework; sourceTree = SDKROOT; };
		6EE002CC17FF76C700B804CD /* libz.1.1.3.dylib */ = {isa = PBXFileReference; lastKnownFileType = "compiled.mach-o.dylib"; name = libz.1.1.3.dylib; path = usr/lib/libz.1.1.3.dylib; sourceTree = SDKROOT; };
		6EE002CE17FF76CF00B804CD /* CFNetwork.framework */ = {isa = PBXFileReference; lastKnownFileType = wrapper.framework; name = CFNetwork.framework; path = System/Library/Frameworks/CFNetwork.framework; sourceTree = SDKROOT; };
		6EE002D017FF76D800B804CD /* AudioToolbox.framework */ = {isa = PBXFileReference; lastKnownFileType = wrapper.framework; name = AudioToolbox.framework; path = System/Library/Frameworks/AudioToolbox.framework; sourceTree = SDKROOT; };
		6EE002D217FF76EB00B804CD /* Accounts.framework */ = {isa = PBXFileReference; lastKnownFileType = wrapper.framework; name = Accounts.framework; path = System/Library/Frameworks/Accounts.framework; sourceTree = SDKROOT; };
		6EE002D417FF76F100B804CD /* AdSupport.framework */ = {isa = PBXFileReference; lastKnownFileType = wrapper.framework; name = AdSupport.framework; path = System/Library/Frameworks/AdSupport.framework; sourceTree = SDKROOT; };
		6EE002D617FF76F700B804CD /* Social.framework */ = {isa = PBXFileReference; lastKnownFileType = wrapper.framework; name = Social.framework; path = System/Library/Frameworks/Social.framework; sourceTree = SDKROOT; };
		6EE002D817FF76FF00B804CD /* CoreLocation.framework */ = {isa = PBXFileReference; lastKnownFileType = wrapper.framework; name = CoreLocation.framework; path = System/Library/Frameworks/CoreLocation.framework; sourceTree = SDKROOT; };
		6EE002DA17FF770A00B804CD /* MobileCoreServices.framework */ = {isa = PBXFileReference; lastKnownFileType = wrapper.framework; name = MobileCoreServices.framework; path = System/Library/Frameworks/MobileCoreServices.framework; sourceTree = SDKROOT; };
		6EE002DC17FF771200B804CD /* SystemConfiguration.framework */ = {isa = PBXFileReference; lastKnownFileType = wrapper.framework; name = SystemConfiguration.framework; path = System/Library/Frameworks/SystemConfiguration.framework; sourceTree = SDKROOT; };
		6EE002DE17FF771900B804CD /* Security.framework */ = {isa = PBXFileReference; lastKnownFileType = wrapper.framework; name = Security.framework; path = System/Library/Frameworks/Security.framework; sourceTree = SDKROOT; };
		6EE002E017FF771F00B804CD /* CoreData.framework */ = {isa = PBXFileReference; lastKnownFileType = wrapper.framework; name = CoreData.framework; path = System/Library/Frameworks/CoreData.framework; sourceTree = SDKROOT; };
		6EE002E217FF772700B804CD /* CoreText.framework */ = {isa = PBXFileReference; lastKnownFileType = wrapper.framework; name = CoreText.framework; path = System/Library/Frameworks/CoreText.framework; sourceTree = SDKROOT; };
		6EE002E417FF77FC00B804CD /* FacebookSDK.framework */ = {isa = PBXFileReference; lastKnownFileType = wrapper.framework; path = FacebookSDK.framework; sourceTree = "<group>"; };
		6EE002E617FF7B8B00B804CD /* LoginViewController.h */ = {isa = PBXFileReference; fileEncoding = 4; lastKnownFileType = sourcecode.c.h; path = LoginViewController.h; sourceTree = "<group>"; };
		6EE002E717FF7B8B00B804CD /* LoginViewController.m */ = {isa = PBXFileReference; fileEncoding = 4; lastKnownFileType = sourcecode.c.objc; path = LoginViewController.m; sourceTree = "<group>"; };
		6EE002E917FF7B9A00B804CD /* JoinViewController.h */ = {isa = PBXFileReference; fileEncoding = 4; lastKnownFileType = sourcecode.c.h; path = JoinViewController.h; sourceTree = "<group>"; };
		6EE002EA17FF7B9A00B804CD /* JoinViewController.m */ = {isa = PBXFileReference; fileEncoding = 4; lastKnownFileType = sourcecode.c.objc; path = JoinViewController.m; sourceTree = "<group>"; };
		6EE0033517FF812200B804CD /* FlatUIHelper.h */ = {isa = PBXFileReference; fileEncoding = 4; lastKnownFileType = sourcecode.c.h; path = FlatUIHelper.h; sourceTree = "<group>"; };
		6EE0033617FF812200B804CD /* FlatUIHelper.m */ = {isa = PBXFileReference; fileEncoding = 4; lastKnownFileType = sourcecode.c.objc; path = FlatUIHelper.m; sourceTree = "<group>"; };
		6EE0033917FF815E00B804CD /* ThriveButton.h */ = {isa = PBXFileReference; fileEncoding = 4; lastKnownFileType = sourcecode.c.h; path = ThriveButton.h; sourceTree = "<group>"; };
		6EE0033A17FF815E00B804CD /* ThriveButton.m */ = {isa = PBXFileReference; fileEncoding = 4; lastKnownFileType = sourcecode.c.objc; path = ThriveButton.m; sourceTree = "<group>"; };
		6EE0033B17FF815E00B804CD /* ThriveButtonMenu.h */ = {isa = PBXFileReference; fileEncoding = 4; lastKnownFileType = sourcecode.c.h; path = ThriveButtonMenu.h; sourceTree = "<group>"; };
		6EE0033C17FF815E00B804CD /* ThriveButtonMenu.m */ = {isa = PBXFileReference; fileEncoding = 4; lastKnownFileType = sourcecode.c.objc; path = ThriveButtonMenu.m; sourceTree = "<group>"; };
		6EE0034117FF81E300B804CD /* MBProgressHUD.h */ = {isa = PBXFileReference; fileEncoding = 4; lastKnownFileType = sourcecode.c.h; path = MBProgressHUD.h; sourceTree = "<group>"; };
		6EE0034217FF81EC00B804CD /* MBProgressHUD-Prefix.pch */ = {isa = PBXFileReference; fileEncoding = 4; lastKnownFileType = sourcecode.c.h; path = "MBProgressHUD-Prefix.pch"; sourceTree = "<group>"; };
		6EE0034317FF81FB00B804CD /* MBProgressHUD.m */ = {isa = PBXFileReference; fileEncoding = 4; lastKnownFileType = sourcecode.c.objc; path = MBProgressHUD.m; sourceTree = "<group>"; };
		6EE0034617FF827500B804CD /* UIImage+ImageEffects.h */ = {isa = PBXFileReference; fileEncoding = 4; lastKnownFileType = sourcecode.c.h; path = "UIImage+ImageEffects.h"; sourceTree = "<group>"; };
		6EE0034717FF827500B804CD /* UIImage+ImageEffects.m */ = {isa = PBXFileReference; fileEncoding = 4; lastKnownFileType = sourcecode.c.objc; path = "UIImage+ImageEffects.m"; sourceTree = "<group>"; };
		6EE0034917FF913200B804CD /* MainViewController.h */ = {isa = PBXFileReference; fileEncoding = 4; lastKnownFileType = sourcecode.c.h; path = MainViewController.h; sourceTree = "<group>"; };
		6EE0034A17FF913200B804CD /* MainViewController.m */ = {isa = PBXFileReference; fileEncoding = 4; lastKnownFileType = sourcecode.c.objc; path = MainViewController.m; sourceTree = "<group>"; };
		6EE0034C17FF915A00B804CD /* SettingsViewController.h */ = {isa = PBXFileReference; fileEncoding = 4; lastKnownFileType = sourcecode.c.h; path = SettingsViewController.h; sourceTree = "<group>"; };
		6EE0034D17FF915A00B804CD /* SettingsViewController.m */ = {isa = PBXFileReference; fileEncoding = 4; lastKnownFileType = sourcecode.c.objc; path = SettingsViewController.m; sourceTree = "<group>"; };
/* End PBXFileReference section */

/* Begin PBXFrameworksBuildPhase section */
		6E6DA72717FEA650001E9D66 /* Frameworks */ = {
			isa = PBXFrameworksBuildPhase;
			buildActionMask = 2147483647;
			files = (
				6EE002C917FF76AE00B804CD /* StoreKit.framework in Frameworks */,
				6E171B7D18026E38005926DF /* libz.dylib in Frameworks */,
				6E6DA73017FEA650001E9D66 /* CoreGraphics.framework in Frameworks */,
				6E6DA72E17FEA650001E9D66 /* Foundation.framework in Frameworks */,
				6E6DA73217FEA650001E9D66 /* UIKit.framework in Frameworks */,
				6EE002E317FF772700B804CD /* CoreText.framework in Frameworks */,
				6EE002E117FF771F00B804CD /* CoreData.framework in Frameworks */,
				6E1453161805FCC10086A9C9 /* Parse.framework in Frameworks */,
				6EE002E517FF77FC00B804CD /* FacebookSDK.framework in Frameworks */,
				6EE002DF17FF771900B804CD /* Security.framework in Frameworks */,
				6EE002DD17FF771200B804CD /* SystemConfiguration.framework in Frameworks */,
				6EE002DB17FF770A00B804CD /* MobileCoreServices.framework in Frameworks */,
				6EE002D917FF76FF00B804CD /* CoreLocation.framework in Frameworks */,
				6EE002D717FF76F700B804CD /* Social.framework in Frameworks */,
				6EE002D517FF76F200B804CD /* AdSupport.framework in Frameworks */,
				6EE002D317FF76EB00B804CD /* Accounts.framework in Frameworks */,
				6EE002D117FF76D800B804CD /* AudioToolbox.framework in Frameworks */,
				6E171B7B18026DF4005926DF /* libTestFlight.a in Frameworks */,
				6EE002CF17FF76CF00B804CD /* CFNetwork.framework in Frameworks */,
				6EE002CD17FF76C700B804CD /* libz.1.1.3.dylib in Frameworks */,
				6EE002CB17FF76B700B804CD /* QuartzCore.framework in Frameworks */,
			);
			runOnlyForDeploymentPostprocessing = 0;
		};
		6E6DA74B17FEA650001E9D66 /* Frameworks */ = {
			isa = PBXFrameworksBuildPhase;
			buildActionMask = 2147483647;
			files = (
				6E6DA75017FEA650001E9D66 /* XCTest.framework in Frameworks */,
				6E6DA75217FEA650001E9D66 /* UIKit.framework in Frameworks */,
				6E6DA75117FEA650001E9D66 /* Foundation.framework in Frameworks */,
			);
			runOnlyForDeploymentPostprocessing = 0;
		};
/* End PBXFrameworksBuildPhase section */

/* Begin PBXGroup section */
		6E100D3A1814DC7300DEF6A2 /* ExternalAppIconImages */ = {
			isa = PBXGroup;
			children = (
				6E100D3B1814DC7300DEF6A2 /* aim.png */,
				6E100D3C1814DC7300DEF6A2 /* digg.png */,
				6E100D3D1814DC7300DEF6A2 /* Evernote.png */,
				6E100D3E1814DC7300DEF6A2 /* FaceBook.png */,
				6E100D3F1814DC7300DEF6A2 /* Foursquare.png */,
				6E100D401814DC7300DEF6A2 /* google_square.png */,
				6E100D411814DC7300DEF6A2 /* mapmyrun.png */,
				6E100D421814DC7300DEF6A2 /* reddit.png */,
				6E100D431814DC7300DEF6A2 /* Twitter.png */,
			);
			path = ExternalAppIconImages;
			sourceTree = "<group>";
		};
		6E171B7618026DCF005926DF /* TestFlight */ = {
			isa = PBXGroup;
			children = (
				6E171B7918026DED005926DF /* TestFlight+AsyncLogging.h */,
				6E171B7718026DDD005926DF /* TestFlight.h */,
				6E171B7818026DE4005926DF /* TestFlight+ManualSessions.h */,
				6E171B7A18026DF4005926DF /* libTestFlight.a */,
			);
			name = TestFlight;
			sourceTree = "<group>";
		};
		6E171BAB1802B47F005926DF /* Fonts */ = {
			isa = PBXGroup;
			children = (
				6E171BAC1802B489005926DF /* OpenSans-ExtraBoldItalic.ttf */,
				6E171BAD1802B489005926DF /* OpenSans-Regular.ttf */,
				6E171BAE1802B489005926DF /* Lato-Black.ttf */,
				6E605F08180B722F00FE62D6 /* FACEBOLF.OTF */,
				6E171BAF1802B489005926DF /* OpenSans-Bold.ttf */,
				6E171BB01802B489005926DF /* OpenSans-BoldItalic.ttf */,
				6E171BB11802B489005926DF /* OpenSans-ExtraBold.ttf */,
				6E171BB21802B489005926DF /* OpenSans-Italic.ttf */,
				6E171BB31802B489005926DF /* OpenSans-Light.ttf */,
				6E171BB41802B489005926DF /* OpenSans-LightItalic.ttf */,
				6E171BB51802B489005926DF /* OpenSans-Semibold.ttf */,
				6E171BB61802B489005926DF /* OpenSans-SemiboldItalic.ttf */,
			);
			name = Fonts;
			sourceTree = "<group>";
		};
		6E36BEF7181B2B7A00CC8718 /* StreakBar */ = {
			isa = PBXGroup;
			children = (
				6E36BEF4181B2B6C00CC8718 /* StreakBar.h */,
				6E36BEF5181B2B6C00CC8718 /* StreakBar.m */,
				6E36BEFB181B334D00CC8718 /* StreakDay.h */,
				6E36BEFC181B334D00CC8718 /* StreakDay.m */,
			);
			name = StreakBar;
			sourceTree = "<group>";
		};
		6E605F0D180BCBBA00FE62D6 /* Goal_Items */ = {
			isa = PBXGroup;
			children = (
				6E605F0E180BCBED00FE62D6 /* WhyView.h */,
				6E605F0F180BCBED00FE62D6 /* WhyView.m */,
				6E605F11180BCC4700FE62D6 /* ToolsView.h */,
				6E605F12180BCC4700FE62D6 /* ToolsView.m */,
				6E605F14180BCC6500FE62D6 /* LinksView.h */,
				6E605F15180BCC6500FE62D6 /* LinksView.m */,
				6E605F17180BCC8800FE62D6 /* StatsView.h */,
				6E605F18180BCC8800FE62D6 /* StatsView.m */,
			);
			name = Goal_Items;
			sourceTree = "<group>";
		};
		6E6DA72117FEA650001E9D66 = {
			isa = PBXGroup;
			children = (
				6E6DA73317FEA650001E9D66 /* Uptimal */,
				6E6DA75517FEA650001E9D66 /* UptimalTests */,
				6E6DA72C17FEA650001E9D66 /* Frameworks */,
				6E6DA72B17FEA650001E9D66 /* Products */,
			);
			sourceTree = "<group>";
		};
		6E6DA72B17FEA650001E9D66 /* Products */ = {
			isa = PBXGroup;
			children = (
				6E6DA72A17FEA650001E9D66 /* Uptimal.app */,
				6E6DA74E17FEA650001E9D66 /* UptimalTests.xctest */,
			);
			name = Products;
			sourceTree = "<group>";
		};
		6E6DA72C17FEA650001E9D66 /* Frameworks */ = {
			isa = PBXGroup;
			children = (
				6E171B7C18026E37005926DF /* libz.dylib */,
				6E1453151805FCC10086A9C9 /* Parse.framework */,
				6EE002E417FF77FC00B804CD /* FacebookSDK.framework */,
				6EE002E217FF772700B804CD /* CoreText.framework */,
				6EE002E017FF771F00B804CD /* CoreData.framework */,
				6EE002DE17FF771900B804CD /* Security.framework */,
				6EE002DC17FF771200B804CD /* SystemConfiguration.framework */,
				6EE002DA17FF770A00B804CD /* MobileCoreServices.framework */,
				6EE002D817FF76FF00B804CD /* CoreLocation.framework */,
				6EE002D617FF76F700B804CD /* Social.framework */,
				6EE002D417FF76F100B804CD /* AdSupport.framework */,
				6EE002D217FF76EB00B804CD /* Accounts.framework */,
				6EE002D017FF76D800B804CD /* AudioToolbox.framework */,
				6EE002CE17FF76CF00B804CD /* CFNetwork.framework */,
				6EE002CC17FF76C700B804CD /* libz.1.1.3.dylib */,
				6EE002CA17FF76B700B804CD /* QuartzCore.framework */,
				6EE002C817FF76AE00B804CD /* StoreKit.framework */,
				6E6DA72D17FEA650001E9D66 /* Foundation.framework */,
				6E6DA72F17FEA650001E9D66 /* CoreGraphics.framework */,
				6E6DA73117FEA650001E9D66 /* UIKit.framework */,
				6E6DA74F17FEA650001E9D66 /* XCTest.framework */,
			);
			name = Frameworks;
			sourceTree = "<group>";
		};
		6E6DA73317FEA650001E9D66 /* Uptimal */ = {
			isa = PBXGroup;
			children = (
				6E171B7618026DCF005926DF /* TestFlight */,
				6EE0028017FF748800B804CD /* Storyboards */,
				6EE0033817FF813700B804CD /* ThriveButton */,
				6E36BEF7181B2B7A00CC8718 /* StreakBar */,
				6E605F0D180BCBBA00FE62D6 /* Goal_Items */,
				6E6DA73C17FEA650001E9D66 /* AppDelegate.h */,
				6E6DA73D17FEA650001E9D66 /* AppDelegate.m */,
				6E851B4E183C505400C26E97 /* ResetPasswordViewController.h */,
				6E851B4F183C505400C26E97 /* ResetPasswordViewController.m */,
				6EDA2A04185748AD004A3A1F /* UserGoalViewController.h */,
				6EDA2A05185748AD004A3A1F /* UserGoalViewController.m */,
				6E4784581834EC83008133F9 /* GoalViewController.h */,
				6E4784591834EC83008133F9 /* GoalViewController.m */,
				6E4784521834B60A008133F9 /* GoalListViewController.h */,
				6E4784531834B60A008133F9 /* GoalListViewController.m */,
				6E4784551834B655008133F9 /* GoalCategoryViewController.h */,
				6E4784561834B655008133F9 /* GoalCategoryViewController.m */,
				6EE002C517FF762600B804CD /* WelcomeViewController.h */,
				6EE002C617FF762600B804CD /* WelcomeViewController.m */,
				6EE0034C17FF915A00B804CD /* SettingsViewController.h */,
				6EE0034D17FF915A00B804CD /* SettingsViewController.m */,
				6EE0034917FF913200B804CD /* MainViewController.h */,
				6EE0034A17FF913200B804CD /* MainViewController.m */,
				6EE002E617FF7B8B00B804CD /* LoginViewController.h */,
				6EE002E717FF7B8B00B804CD /* LoginViewController.m */,
				6EE002E917FF7B9A00B804CD /* JoinViewController.h */,
				6EE002EA17FF7B9A00B804CD /* JoinViewController.m */,
				6EE0033517FF812200B804CD /* FlatUIHelper.h */,
				6EE0033617FF812200B804CD /* FlatUIHelper.m */,
				6EE0033F17FF819400B804CD /* Resources */,
				6EE0028617FF75C800B804CD /* Images */,
				6E6DA74817FEA650001E9D66 /* Images.xcassets */,
				6E6DA73417FEA650001E9D66 /* Supporting Files */,
			);
			name = Uptimal;
			path = ThriveStreams;
			sourceTree = "<group>";
		};
		6E6DA73417FEA650001E9D66 /* Supporting Files */ = {
			isa = PBXGroup;
			children = (
				6E6DA73517FEA650001E9D66 /* Uptimal-Info.plist */,
				6E6DA73617FEA650001E9D66 /* InfoPlist.strings */,
				6E6DA73917FEA650001E9D66 /* main.m */,
				6E6DA73B17FEA650001E9D66 /* Uptimal-Prefix.pch */,
			);
			name = "Supporting Files";
			sourceTree = "<group>";
		};
		6E6DA75517FEA650001E9D66 /* UptimalTests */ = {
			isa = PBXGroup;
			children = (
				6E6DA75B17FEA650001E9D66 /* ThriveStreamsTests.m */,
				6E6DA75617FEA650001E9D66 /* Supporting Files */,
			);
			name = UptimalTests;
			path = ThriveStreamsTests;
			sourceTree = "<group>";
		};
		6E6DA75617FEA650001E9D66 /* Supporting Files */ = {
			isa = PBXGroup;
			children = (
				6E6DA75717FEA650001E9D66 /* UptimalTests-Info.plist */,
				6E6DA75817FEA650001E9D66 /* InfoPlist.strings */,
			);
			name = "Supporting Files";
			sourceTree = "<group>";
		};
		6E9B9F0118333E1000923AFF /* Arrow */ = {
			isa = PBXGroup;
			children = (
				6E9B9EFB18333CF200923AFF /* UIBezierPath+dqd_arrowhead.h */,
				6E9B9EFC18333CF200923AFF /* UIBezierPath+dqd_arrowhead.m */,
				6E9B9EFE18333E0800923AFF /* ArrowView.h */,
				6E9B9EFF18333E0900923AFF /* ArrowView.m */,
			);
			name = Arrow;
			sourceTree = "<group>";
		};
		6EE0028017FF748800B804CD /* Storyboards */ = {
			isa = PBXGroup;
			children = (
				6E6DA74217FEA650001E9D66 /* Main_iPad.storyboard */,
				6E6DA73F17FEA650001E9D66 /* Main_iPhone.storyboard */,
			);
			name = Storyboards;
			sourceTree = "<group>";
		};
		6EE0028617FF75C800B804CD /* Images */ = {
			isa = PBXGroup;
			children = (
				6E100D3A1814DC7300DEF6A2 /* ExternalAppIconImages */,
				6E171BA31802A1FA005926DF /* JournalIcon.png */,
				6EBE57D91858942400BD099E /* defaultbackground.jpg */,
				6E8E1696184D62DA00DFA8B2 /* uptimalBanner.png */,
				6E8E1698184D63C600DFA8B2 /* pencil.png */,
				6E8E1699184D63C600DFA8B2 /* addGoal.png */,
				6E8E169C184D643600DFA8B2 /* camera.png */,
				6E373FF91852850D00976562 /* white_>.png */,
				6E7E19C51802C8BE00D7B49C /* 3dotButton@2x.png */,
				6E7E19C61802C8BE00D7B49C /* 3dotButton.png */,
				6EE0028917FF75C800B804CD /* defaultprofile.png */,
				6EE0028F17FF75C800B804CD /* logouticon.png */,
				6EE0029017FF75C800B804CD /* menuButton.png */,
				6EE0029117FF75C800B804CD /* menuButton@2x.png */,
				6EE0029217FF75C800B804CD /* reminder_icon.png */,
				6EE0029317FF75C800B804CD /* reminder_icon@2x.png */,
				6EE0029417FF75C800B804CD /* repeat_icon.png */,
				6EE0029517FF75C800B804CD /* repeat_icon@2x.png */,
				6EE0029617FF75C800B804CD /* settingsicon.png */,
				6EE0029717FF75C800B804CD /* settingsicon@2x.png */,
				6E373FF71852514F00976562 /* uptimalIcon.png */,
				6E8E1691184D4AC200DFA8B2 /* uptimalLogo.png */,
				6EE002A217FF75C800B804CD /* when_icon.png */,
				6EE002A317FF75C800B804CD /* when_icon@2x.png */,
				6EE002A417FF75C800B804CD /* Xbutton.png */,
				6E81AFA71833A0DE005B44FD /* default_profile_image@2x.png */,
				6E81AFA81833A0DE005B44FD /* default_profile_image.png */,
				6EE002A517FF75C800B804CD /* Xbutton@2x.png */,
			);
			path = Images;
			sourceTree = "<group>";
		};
		6EE0033817FF813700B804CD /* ThriveButton */ = {
			isa = PBXGroup;
			children = (
				6EE0033917FF815E00B804CD /* ThriveButton.h */,
				6EE0033A17FF815E00B804CD /* ThriveButton.m */,
				6EE0033B17FF815E00B804CD /* ThriveButtonMenu.h */,
				6EE0033C17FF815E00B804CD /* ThriveButtonMenu.m */,
			);
			name = ThriveButton;
			sourceTree = "<group>";
		};
		6EE0033F17FF819400B804CD /* Resources */ = {
			isa = PBXGroup;
			children = (
				6E9B9F0118333E1000923AFF /* Arrow */,
				6E171BAB1802B47F005926DF /* Fonts */,
				6EE0034517FF824F00B804CD /* UIImage+ImageEffects */,
				6EE0034017FF81D100B804CD /* MBProgressHUD */,
			);
			name = Resources;
			sourceTree = "<group>";
		};
		6EE0034017FF81D100B804CD /* MBProgressHUD */ = {
			isa = PBXGroup;
			children = (
				6EE0034217FF81EC00B804CD /* MBProgressHUD-Prefix.pch */,
				6EE0034117FF81E300B804CD /* MBProgressHUD.h */,
				6EE0034317FF81FB00B804CD /* MBProgressHUD.m */,
			);
			name = MBProgressHUD;
			sourceTree = "<group>";
		};
		6EE0034517FF824F00B804CD /* UIImage+ImageEffects */ = {
			isa = PBXGroup;
			children = (
				6EE0034617FF827500B804CD /* UIImage+ImageEffects.h */,
				6EE0034717FF827500B804CD /* UIImage+ImageEffects.m */,
			);
			name = "UIImage+ImageEffects";
			sourceTree = "<group>";
		};
/* End PBXGroup section */

/* Begin PBXNativeTarget section */
		6E6DA72917FEA650001E9D66 /* Uptimal */ = {
			isa = PBXNativeTarget;
			buildConfigurationList = 6E6DA75F17FEA650001E9D66 /* Build configuration list for PBXNativeTarget "Uptimal" */;
			buildPhases = (
				6E6DA72617FEA650001E9D66 /* Sources */,
				6E6DA72717FEA650001E9D66 /* Frameworks */,
				6E6DA72817FEA650001E9D66 /* Resources */,
			);
			buildRules = (
			);
			dependencies = (
			);
			name = Uptimal;
			productName = ThriveStreams;
			productReference = 6E6DA72A17FEA650001E9D66 /* Uptimal.app */;
			productType = "com.apple.product-type.application";
		};
		6E6DA74D17FEA650001E9D66 /* UptimalTests */ = {
			isa = PBXNativeTarget;
			buildConfigurationList = 6E6DA76217FEA650001E9D66 /* Build configuration list for PBXNativeTarget "UptimalTests" */;
			buildPhases = (
				6E6DA74A17FEA650001E9D66 /* Sources */,
				6E6DA74B17FEA650001E9D66 /* Frameworks */,
				6E6DA74C17FEA650001E9D66 /* Resources */,
			);
			buildRules = (
			);
			dependencies = (
				6E6DA75417FEA650001E9D66 /* PBXTargetDependency */,
			);
			name = UptimalTests;
			productName = ThriveStreamsTests;
			productReference = 6E6DA74E17FEA650001E9D66 /* UptimalTests.xctest */;
			productType = "com.apple.product-type.bundle.unit-test";
		};
/* End PBXNativeTarget section */

/* Begin PBXProject section */
		6E6DA72217FEA650001E9D66 /* Project object */ = {
			isa = PBXProject;
			attributes = {
				LastUpgradeCheck = 0500;
				ORGANIZATIONNAME = ThriveStreams;
				TargetAttributes = {
					6E6DA72917FEA650001E9D66 = {
						DevelopmentTeam = 45HUPV34FL;
					};
					6E6DA74D17FEA650001E9D66 = {
						TestTargetID = 6E6DA72917FEA650001E9D66;
					};
				};
			};
			buildConfigurationList = 6E6DA72517FEA650001E9D66 /* Build configuration list for PBXProject "Uptimal" */;
			compatibilityVersion = "Xcode 3.2";
			developmentRegion = English;
			hasScannedForEncodings = 0;
			knownRegions = (
				en,
				Base,
			);
			mainGroup = 6E6DA72117FEA650001E9D66;
			productRefGroup = 6E6DA72B17FEA650001E9D66 /* Products */;
			projectDirPath = "";
			projectRoot = "";
			targets = (
				6E6DA72917FEA650001E9D66 /* Uptimal */,
				6E6DA74D17FEA650001E9D66 /* UptimalTests */,
			);
		};
/* End PBXProject section */

/* Begin PBXResourcesBuildPhase section */
		6E6DA72817FEA650001E9D66 /* Resources */ = {
			isa = PBXResourcesBuildPhase;
			buildActionMask = 2147483647;
			files = (
				6E6DA74417FEA650001E9D66 /* Main_iPad.storyboard in Resources */,
				6E7E19C81802C8BE00D7B49C /* 3dotButton.png in Resources */,
				6E171BA81802A1FA005926DF /* JournalIcon.png in Resources */,
				6EE002B317FF75C800B804CD /* repeat_icon.png in Resources */,
				6E100D471814DC7300DEF6A2 /* FaceBook.png in Resources */,
				6E373FFA1852850D00976562 /* white_>.png in Resources */,
				6EE002B117FF75C800B804CD /* reminder_icon.png in Resources */,
				6EE002B517FF75C800B804CD /* settingsicon.png in Resources */,
				6E373FF81852514F00976562 /* uptimalIcon.png in Resources */,
				6EE002A817FF75C800B804CD /* defaultprofile.png in Resources */,
				6E171BBF1802B489005926DF /* OpenSans-LightItalic.ttf in Resources */,
				6E8E169B184D63C600DFA8B2 /* addGoal.png in Resources */,
				6E171BBD1802B489005926DF /* OpenSans-Italic.ttf in Resources */,
				6EBE57DA1858942400BD099E /* defaultbackground.jpg in Resources */,
				6EE002C317FF75C800B804CD /* Xbutton.png in Resources */,
				6EE002AF17FF75C800B804CD /* menuButton.png in Resources */,
				6E171BC01802B489005926DF /* OpenSans-Semibold.ttf in Resources */,
				6E100D461814DC7300DEF6A2 /* Evernote.png in Resources */,
				6E8E169D184D643600DFA8B2 /* camera.png in Resources */,
				6EE002C417FF75C800B804CD /* Xbutton@2x.png in Resources */,
				6E605F09180B722F00FE62D6 /* FACEBOLF.OTF in Resources */,
				6EE002AE17FF75C800B804CD /* logouticon.png in Resources */,
				6EE002B017FF75C800B804CD /* menuButton@2x.png in Resources */,
				6E6DA74917FEA650001E9D66 /* Images.xcassets in Resources */,
				6E8E1697184D62DA00DFA8B2 /* uptimalBanner.png in Resources */,
				6E171BB91802B489005926DF /* Lato-Black.ttf in Resources */,
				6E171BBC1802B489005926DF /* OpenSans-ExtraBold.ttf in Resources */,
				6E6DA74117FEA650001E9D66 /* Main_iPhone.storyboard in Resources */,
				6E8E169A184D63C600DFA8B2 /* pencil.png in Resources */,
				6EE002B617FF75C800B804CD /* settingsicon@2x.png in Resources */,
				6E7E19C71802C8BE00D7B49C /* 3dotButton@2x.png in Resources */,
				6E100D4A1814DC7300DEF6A2 /* mapmyrun.png in Resources */,
				6E171BBA1802B489005926DF /* OpenSans-Bold.ttf in Resources */,
				6E100D4C1814DC7300DEF6A2 /* Twitter.png in Resources */,
				6E171BBE1802B489005926DF /* OpenSans-Light.ttf in Resources */,
				6E8E1692184D4AC200DFA8B2 /* uptimalLogo.png in Resources */,
				6E171BB71802B489005926DF /* OpenSans-ExtraBoldItalic.ttf in Resources */,
				6E171BBB1802B489005926DF /* OpenSans-BoldItalic.ttf in Resources */,
				6E100D441814DC7300DEF6A2 /* aim.png in Resources */,
				6E81AFAA1833A0DE005B44FD /* default_profile_image.png in Resources */,
				6E81AFA91833A0DE005B44FD /* default_profile_image@2x.png in Resources */,
				6EE002B217FF75C800B804CD /* reminder_icon@2x.png in Resources */,
				6EE002C217FF75C800B804CD /* when_icon@2x.png in Resources */,
				6E100D491814DC7300DEF6A2 /* google_square.png in Resources */,
				6EE002C117FF75C800B804CD /* when_icon.png in Resources */,
				6E171BB81802B489005926DF /* OpenSans-Regular.ttf in Resources */,
				6E100D481814DC7300DEF6A2 /* Foursquare.png in Resources */,
				6E6DA73817FEA650001E9D66 /* InfoPlist.strings in Resources */,
				6E171BC11802B489005926DF /* OpenSans-SemiboldItalic.ttf in Resources */,
				6E100D4B1814DC7300DEF6A2 /* reddit.png in Resources */,
				6E100D451814DC7300DEF6A2 /* digg.png in Resources */,
				6EE002B417FF75C800B804CD /* repeat_icon@2x.png in Resources */,
			);
			runOnlyForDeploymentPostprocessing = 0;
		};
		6E6DA74C17FEA650001E9D66 /* Resources */ = {
			isa = PBXResourcesBuildPhase;
			buildActionMask = 2147483647;
			files = (
				6E6DA75A17FEA650001E9D66 /* InfoPlist.strings in Resources */,
			);
			runOnlyForDeploymentPostprocessing = 0;
		};
/* End PBXResourcesBuildPhase section */

/* Begin PBXSourcesBuildPhase section */
		6E6DA72617FEA650001E9D66 /* Sources */ = {
			isa = PBXSourcesBuildPhase;
			buildActionMask = 2147483647;
			files = (
				6E6DA73E17FEA650001E9D66 /* AppDelegate.m in Sources */,
				6E605F16180BCC6500FE62D6 /* LinksView.m in Sources */,
				6E9B9F0018333E0900923AFF /* ArrowView.m in Sources */,
				6EE0034817FF827500B804CD /* UIImage+ImageEffects.m in Sources */,
				6EE0033717FF812200B804CD /* FlatUIHelper.m in Sources */,
				6E36BEFD181B334D00CC8718 /* StreakDay.m in Sources */,
				6E605F13180BCC4700FE62D6 /* ToolsView.m in Sources */,
				6E605F10180BCBED00FE62D6 /* WhyView.m in Sources */,
				6E36BEF6181B2B6C00CC8718 /* StreakBar.m in Sources */,
				6E6DA73A17FEA650001E9D66 /* main.m in Sources */,
				6E9B9EFD18333CF200923AFF /* UIBezierPath+dqd_arrowhead.m in Sources */,
				6EE002C717FF762600B804CD /* WelcomeViewController.m in Sources */,
				6EE0034417FF81FB00B804CD /* MBProgressHUD.m in Sources */,
				6E851B50183C505400C26E97 /* ResetPasswordViewController.m in Sources */,
				6EE0033D17FF815E00B804CD /* ThriveButton.m in Sources */,
				6EE002EB17FF7B9A00B804CD /* JoinViewController.m in Sources */,
				6E4784541834B60A008133F9 /* GoalListViewController.m in Sources */,
				6E47845A1834EC83008133F9 /* GoalViewController.m in Sources */,
				6EE0034B17FF913200B804CD /* MainViewController.m in Sources */,
				6EDA2A06185748AD004A3A1F /* UserGoalViewController.m in Sources */,
				6EE0034E17FF915A00B804CD /* SettingsViewController.m in Sources */,
				6EE0033E17FF815E00B804CD /* ThriveButtonMenu.m in Sources */,
				6E605F19180BCC8800FE62D6 /* StatsView.m in Sources */,
				6EE002E817FF7B8B00B804CD /* LoginViewController.m in Sources */,
				6E4784571834B655008133F9 /* GoalCategoryViewController.m in Sources */,
			);
			runOnlyForDeploymentPostprocessing = 0;
		};
		6E6DA74A17FEA650001E9D66 /* Sources */ = {
			isa = PBXSourcesBuildPhase;
			buildActionMask = 2147483647;
			files = (
				6E6DA75C17FEA650001E9D66 /* ThriveStreamsTests.m in Sources */,
			);
			runOnlyForDeploymentPostprocessing = 0;
		};
/* End PBXSourcesBuildPhase section */

/* Begin PBXTargetDependency section */
		6E6DA75417FEA650001E9D66 /* PBXTargetDependency */ = {
			isa = PBXTargetDependency;
			target = 6E6DA72917FEA650001E9D66 /* Uptimal */;
			targetProxy = 6E6DA75317FEA650001E9D66 /* PBXContainerItemProxy */;
		};
/* End PBXTargetDependency section */

/* Begin PBXVariantGroup section */
		6E6DA73617FEA650001E9D66 /* InfoPlist.strings */ = {
			isa = PBXVariantGroup;
			children = (
				6E6DA73717FEA650001E9D66 /* en */,
			);
			name = InfoPlist.strings;
			sourceTree = "<group>";
		};
		6E6DA73F17FEA650001E9D66 /* Main_iPhone.storyboard */ = {
			isa = PBXVariantGroup;
			children = (
				6E6DA74017FEA650001E9D66 /* Base */,
			);
			name = Main_iPhone.storyboard;
			sourceTree = "<group>";
		};
		6E6DA74217FEA650001E9D66 /* Main_iPad.storyboard */ = {
			isa = PBXVariantGroup;
			children = (
				6E6DA74317FEA650001E9D66 /* Base */,
			);
			name = Main_iPad.storyboard;
			sourceTree = "<group>";
		};
		6E6DA75817FEA650001E9D66 /* InfoPlist.strings */ = {
			isa = PBXVariantGroup;
			children = (
				6E6DA75917FEA650001E9D66 /* en */,
			);
			name = InfoPlist.strings;
			sourceTree = "<group>";
		};
/* End PBXVariantGroup section */

/* Begin XCBuildConfiguration section */
		6E6DA75D17FEA650001E9D66 /* Debug */ = {
			isa = XCBuildConfiguration;
			buildSettings = {
				ALWAYS_SEARCH_USER_PATHS = NO;
				ARCHS = "$(ARCHS_STANDARD_INCLUDING_64_BIT)";
				CLANG_CXX_LANGUAGE_STANDARD = "gnu++0x";
				CLANG_CXX_LIBRARY = "libc++";
				CLANG_ENABLE_MODULES = YES;
				CLANG_ENABLE_OBJC_ARC = YES;
				CLANG_WARN_BOOL_CONVERSION = YES;
				CLANG_WARN_CONSTANT_CONVERSION = YES;
				CLANG_WARN_DIRECT_OBJC_ISA_USAGE = YES_ERROR;
				CLANG_WARN_EMPTY_BODY = YES;
				CLANG_WARN_ENUM_CONVERSION = YES;
				CLANG_WARN_INT_CONVERSION = YES;
				CLANG_WARN_OBJC_ROOT_CLASS = YES_ERROR;
				CLANG_WARN__DUPLICATE_METHOD_MATCH = YES;
				"CODE_SIGN_IDENTITY[sdk=iphoneos*]" = "iPhone Developer";
				COPY_PHASE_STRIP = NO;
				GCC_C_LANGUAGE_STANDARD = gnu99;
				GCC_DYNAMIC_NO_PIC = NO;
				GCC_OPTIMIZATION_LEVEL = 0;
				GCC_PREPROCESSOR_DEFINITIONS = (
					"DEBUG=1",
					"$(inherited)",
				);
				GCC_SYMBOLS_PRIVATE_EXTERN = NO;
				GCC_WARN_64_TO_32_BIT_CONVERSION = YES;
				GCC_WARN_ABOUT_RETURN_TYPE = YES_ERROR;
				GCC_WARN_UNDECLARED_SELECTOR = YES;
				GCC_WARN_UNINITIALIZED_AUTOS = YES;
				GCC_WARN_UNUSED_FUNCTION = YES;
				GCC_WARN_UNUSED_VARIABLE = YES;
				IPHONEOS_DEPLOYMENT_TARGET = 7.0;
				ONLY_ACTIVE_ARCH = YES;
				SDKROOT = iphoneos;
				TARGETED_DEVICE_FAMILY = "1,2";
			};
			name = Debug;
		};
		6E6DA75E17FEA650001E9D66 /* Release */ = {
			isa = XCBuildConfiguration;
			buildSettings = {
				ALWAYS_SEARCH_USER_PATHS = NO;
				ARCHS = "$(ARCHS_STANDARD_INCLUDING_64_BIT)";
				CLANG_CXX_LANGUAGE_STANDARD = "gnu++0x";
				CLANG_CXX_LIBRARY = "libc++";
				CLANG_ENABLE_MODULES = YES;
				CLANG_ENABLE_OBJC_ARC = YES;
				CLANG_WARN_BOOL_CONVERSION = YES;
				CLANG_WARN_CONSTANT_CONVERSION = YES;
				CLANG_WARN_DIRECT_OBJC_ISA_USAGE = YES_ERROR;
				CLANG_WARN_EMPTY_BODY = YES;
				CLANG_WARN_ENUM_CONVERSION = YES;
				CLANG_WARN_INT_CONVERSION = YES;
				CLANG_WARN_OBJC_ROOT_CLASS = YES_ERROR;
				CLANG_WARN__DUPLICATE_METHOD_MATCH = YES;
				"CODE_SIGN_IDENTITY[sdk=iphoneos*]" = "iPhone Developer";
				COPY_PHASE_STRIP = YES;
				ENABLE_NS_ASSERTIONS = NO;
				GCC_C_LANGUAGE_STANDARD = gnu99;
				GCC_WARN_64_TO_32_BIT_CONVERSION = YES;
				GCC_WARN_ABOUT_RETURN_TYPE = YES_ERROR;
				GCC_WARN_UNDECLARED_SELECTOR = YES;
				GCC_WARN_UNINITIALIZED_AUTOS = YES;
				GCC_WARN_UNUSED_FUNCTION = YES;
				GCC_WARN_UNUSED_VARIABLE = YES;
				IPHONEOS_DEPLOYMENT_TARGET = 7.0;
				SDKROOT = iphoneos;
				TARGETED_DEVICE_FAMILY = "1,2";
				VALIDATE_PRODUCT = YES;
			};
			name = Release;
		};
		6E6DA76017FEA650001E9D66 /* Debug */ = {
			isa = XCBuildConfiguration;
			buildSettings = {
				ARCHS = "$(ARCHS_STANDARD)";
				ASSETCATALOG_COMPILER_APPICON_NAME = AppIcon;
				ASSETCATALOG_COMPILER_LAUNCHIMAGE_NAME = LaunchImage;
				CODE_SIGN_IDENTITY = "iPhone Developer";
				"CODE_SIGN_IDENTITY[sdk=iphoneos*]" = "iPhone Developer";
				FRAMEWORK_SEARCH_PATHS = (
					"$(inherited)",
					/Users/ryanbadilla/Programming/ThriveStreams,
				);
				GCC_PRECOMPILE_PREFIX_HEADER = YES;
				GCC_PREFIX_HEADER = "ThriveStreams/Uptimal-Prefix.pch";
				INFOPLIST_FILE = "ThriveStreams/Uptimal-Info.plist";
				IPHONEOS_DEPLOYMENT_TARGET = 6.1;
				LIBRARY_SEARCH_PATHS = (
					"$(inherited)",
					"/Users/ryanbadilla/Programming/ThriveStreams/StackMob-v2.1.1",
					/Users/ryanbadilla/Programming/ThriveStreams/ThriveStreams,
				);
				OTHER_LDFLAGS = (
					"-lsqlite3.0",
					"-ObjC",
				);
				PRODUCT_NAME = Uptimal;
				PROVISIONING_PROFILE = "A3CE872A-70AB-45C2-84A0-7B692FDA372A";
				TARGETED_DEVICE_FAMILY = "1,2";
				WRAPPER_EXTENSION = app;
			};
			name = Debug;
		};
		6E6DA76117FEA650001E9D66 /* Release */ = {
			isa = XCBuildConfiguration;
			buildSettings = {
				ARCHS = "$(ARCHS_STANDARD)";
				ASSETCATALOG_COMPILER_APPICON_NAME = AppIcon;
				ASSETCATALOG_COMPILER_LAUNCHIMAGE_NAME = LaunchImage;
				CODE_SIGN_IDENTITY = "iPhone Distribution";
				"CODE_SIGN_IDENTITY[sdk=iphoneos*]" = "iPhone Distribution";
				FRAMEWORK_SEARCH_PATHS = (
					"$(inherited)",
					/Users/ryanbadilla/Programming/ThriveStreams,
				);
				GCC_PRECOMPILE_PREFIX_HEADER = YES;
				GCC_PREFIX_HEADER = "ThriveStreams/Uptimal-Prefix.pch";
				INFOPLIST_FILE = "ThriveStreams/Uptimal-Info.plist";
				IPHONEOS_DEPLOYMENT_TARGET = 6.1;
				LIBRARY_SEARCH_PATHS = (
					"$(inherited)",
					"/Users/ryanbadilla/Programming/ThriveStreams/StackMob-v2.1.1",
					/Users/ryanbadilla/Programming/ThriveStreams/ThriveStreams,
				);
				OTHER_LDFLAGS = (
					"-lsqlite3.0",
					"-ObjC",
				);
				PRODUCT_NAME = Uptimal;
				PROVISIONING_PROFILE = "A3CE872A-70AB-45C2-84A0-7B692FDA372A";
				TARGETED_DEVICE_FAMILY = "1,2";
				WRAPPER_EXTENSION = app;
			};
			name = Release;
		};
		6E6DA76317FEA650001E9D66 /* Debug */ = {
			isa = XCBuildConfiguration;
			buildSettings = {
				ARCHS = "$(ARCHS_STANDARD_INCLUDING_64_BIT)";
				BUNDLE_LOADER = "$(BUILT_PRODUCTS_DIR)/ThriveStreams.app/ThriveStreams";
				FRAMEWORK_SEARCH_PATHS = (
					"$(SDKROOT)/Developer/Library/Frameworks",
					"$(inherited)",
					"$(DEVELOPER_FRAMEWORKS_DIR)",
				);
				GCC_PRECOMPILE_PREFIX_HEADER = YES;
				GCC_PREFIX_HEADER = "ThriveStreams/ThriveStreams-Prefix.pch";
				GCC_PREPROCESSOR_DEFINITIONS = (
					"DEBUG=1",
					"$(inherited)",
				);
				INFOPLIST_FILE = "ThriveStreamsTests/UptimalTests-Info.plist";
				PRODUCT_NAME = UptimalTests;
				TEST_HOST = "$(BUNDLE_LOADER)";
				WRAPPER_EXTENSION = xctest;
			};
			name = Debug;
		};
		6E6DA76417FEA650001E9D66 /* Release */ = {
			isa = XCBuildConfiguration;
			buildSettings = {
				ARCHS = "$(ARCHS_STANDARD_INCLUDING_64_BIT)";
				BUNDLE_LOADER = "$(BUILT_PRODUCTS_DIR)/ThriveStreams.app/ThriveStreams";
				FRAMEWORK_SEARCH_PATHS = (
					"$(SDKROOT)/Developer/Library/Frameworks",
					"$(inherited)",
					"$(DEVELOPER_FRAMEWORKS_DIR)",
				);
				GCC_PRECOMPILE_PREFIX_HEADER = YES;
				GCC_PREFIX_HEADER = "ThriveStreams/ThriveStreams-Prefix.pch";
				INFOPLIST_FILE = "ThriveStreamsTests/UptimalTests-Info.plist";
				PRODUCT_NAME = UptimalTests;
				TEST_HOST = "$(BUNDLE_LOADER)";
				WRAPPER_EXTENSION = xctest;
			};
			name = Release;
		};
/* End XCBuildConfiguration section */

/* Begin XCConfigurationList section */
		6E6DA72517FEA650001E9D66 /* Build configuration list for PBXProject "Uptimal" */ = {
			isa = XCConfigurationList;
			buildConfigurations = (
				6E6DA75D17FEA650001E9D66 /* Debug */,
				6E6DA75E17FEA650001E9D66 /* Release */,
			);
			defaultConfigurationIsVisible = 0;
			defaultConfigurationName = Release;
		};
		6E6DA75F17FEA650001E9D66 /* Build configuration list for PBXNativeTarget "Uptimal" */ = {
			isa = XCConfigurationList;
			buildConfigurations = (
				6E6DA76017FEA650001E9D66 /* Debug */,
				6E6DA76117FEA650001E9D66 /* Release */,
			);
			defaultConfigurationIsVisible = 0;
			defaultConfigurationName = Release;
		};
		6E6DA76217FEA650001E9D66 /* Build configuration list for PBXNativeTarget "UptimalTests" */ = {
			isa = XCConfigurationList;
			buildConfigurations = (
				6E6DA76317FEA650001E9D66 /* Debug */,
				6E6DA76417FEA650001E9D66 /* Release */,
			);
			defaultConfigurationIsVisible = 0;
			defaultConfigurationName = Release;
		};
/* End XCConfigurationList section */
	};
	rootObject = 6E6DA72217FEA650001E9D66 /* Project object */;
}
